// !$*UTF8*$!
{
	archiveVersion = 1;
	classes = {
	};
	objectVersion = 46;
	objects = {

/* Begin PBXBuildFile section */
		493347B91D4CD042003847CD /* AppDelegate.swift in Sources */ = {isa = PBXBuildFile; fileRef = 493347B81D4CD042003847CD /* AppDelegate.swift */; };
		493347BE1D4CD042003847CD /* Main.storyboard in Resources */ = {isa = PBXBuildFile; fileRef = 493347BC1D4CD042003847CD /* Main.storyboard */; };
		493347C01D4CD042003847CD /* Assets.xcassets in Resources */ = {isa = PBXBuildFile; fileRef = 493347BF1D4CD042003847CD /* Assets.xcassets */; };
		493347C31D4CD042003847CD /* LaunchScreen.storyboard in Resources */ = {isa = PBXBuildFile; fileRef = 493347C11D4CD042003847CD /* LaunchScreen.storyboard */; };
		493347CE1D4CD042003847CD /* PortfoliousTests.swift in Sources */ = {isa = PBXBuildFile; fileRef = 493347CD1D4CD042003847CD /* PortfoliousTests.swift */; };
		493347D91D4CD042003847CD /* PortfoliousUITests.swift in Sources */ = {isa = PBXBuildFile; fileRef = 493347D81D4CD042003847CD /* PortfoliousUITests.swift */; };
		493347EB1D4CD8C1003847CD /* ReactiveJSON.framework in Frameworks */ = {isa = PBXBuildFile; fileRef = 493347E71D4CD8C0003847CD /* ReactiveJSON.framework */; };
		493347EC1D4CD8C1003847CD /* ReactiveJSON.framework in Embed Frameworks */ = {isa = PBXBuildFile; fileRef = 493347E71D4CD8C0003847CD /* ReactiveJSON.framework */; settings = {ATTRIBUTES = (CodeSignOnCopy, RemoveHeadersOnCopy, ); }; };
		493347ED1D4CD8C1003847CD /* Result.framework in Frameworks */ = {isa = PBXBuildFile; fileRef = 493347E81D4CD8C0003847CD /* Result.framework */; };
		493347EE1D4CD8C1003847CD /* Result.framework in Embed Frameworks */ = {isa = PBXBuildFile; fileRef = 493347E81D4CD8C0003847CD /* Result.framework */; settings = {ATTRIBUTES = (CodeSignOnCopy, RemoveHeadersOnCopy, ); }; };
		493347F91D4CDBEC003847CD /* JSONPlaceholderClient.swift in Sources */ = {isa = PBXBuildFile; fileRef = 493347F81D4CDBEC003847CD /* JSONPlaceholderClient.swift */; };
		493347FB1D4CE124003847CD /* User.swift in Sources */ = {isa = PBXBuildFile; fileRef = 493347FA1D4CE124003847CD /* User.swift */; };
		493347FD1D4CE12A003847CD /* Album.swift in Sources */ = {isa = PBXBuildFile; fileRef = 493347FC1D4CE12A003847CD /* Album.swift */; };
		493348001D4CFF31003847CD /* SF-UI-Display-Regular.otf in Resources */ = {isa = PBXBuildFile; fileRef = 493347FF1D4CFF31003847CD /* SF-UI-Display-Regular.otf */; };
		493348021D4D054B003847CD /* SF-UI-Display-Medium.otf in Resources */ = {isa = PBXBuildFile; fileRef = 493348011D4D054B003847CD /* SF-UI-Display-Medium.otf */; };
		493348041D4D0555003847CD /* SF-UI-Display-Light.otf in Resources */ = {isa = PBXBuildFile; fileRef = 493348031D4D0555003847CD /* SF-UI-Display-Light.otf */; };
		493348061D4D0664003847CD /* Theme.swift in Sources */ = {isa = PBXBuildFile; fileRef = 493348051D4D0664003847CD /* Theme.swift */; };
		493348081D4D0BDF003847CD /* MainStoryboard.swift in Sources */ = {isa = PBXBuildFile; fileRef = 493348071D4D0BDF003847CD /* MainStoryboard.swift */; };
		4933480A1D4D1855003847CD /* AgentListTableViewController.swift in Sources */ = {isa = PBXBuildFile; fileRef = 493348091D4D1855003847CD /* AgentListTableViewController.swift */; };
		4933480C1D4D1877003847CD /* AgentOverviewViewController.swift in Sources */ = {isa = PBXBuildFile; fileRef = 4933480B1D4D1877003847CD /* AgentOverviewViewController.swift */; };
		4933480E1D4D18A6003847CD /* AgentAlbumsTableViewControler.swift in Sources */ = {isa = PBXBuildFile; fileRef = 4933480D1D4D18A6003847CD /* AgentAlbumsTableViewControler.swift */; };
		493348101D4D18BD003847CD /* AgentAlbumCollectionViewController.swift in Sources */ = {isa = PBXBuildFile; fileRef = 4933480F1D4D18BD003847CD /* AgentAlbumCollectionViewController.swift */; };
		493348121D4D18D9003847CD /* AgentDetailsContainerViewController.swift in Sources */ = {isa = PBXBuildFile; fileRef = 493348111D4D18D9003847CD /* AgentDetailsContainerViewController.swift */; };
		493348141D4D1A8D003847CD /* AgentOverviewTableViewCell.swift in Sources */ = {isa = PBXBuildFile; fileRef = 493348131D4D1A8D003847CD /* AgentOverviewTableViewCell.swift */; };
		493348161D4D1A9E003847CD /* AgentAlbumTableViewCell.swift in Sources */ = {isa = PBXBuildFile; fileRef = 493348151D4D1A9E003847CD /* AgentAlbumTableViewCell.swift */; };
		493348181D4D1AB7003847CD /* AgentPhotoCollectionViewCell.swift in Sources */ = {isa = PBXBuildFile; fileRef = 493348171D4D1AB7003847CD /* AgentPhotoCollectionViewCell.swift */; };
		4933481B1D4D1BA1003847CD /* AgentListTableViewModel.swift in Sources */ = {isa = PBXBuildFile; fileRef = 4933481A1D4D1BA1003847CD /* AgentListTableViewModel.swift */; };
		4933481F1D4D2B9F003847CD /* Argo.framework in Frameworks */ = {isa = PBXBuildFile; fileRef = 4933481E1D4D2B9F003847CD /* Argo.framework */; };
		493348201D4D2B9F003847CD /* Argo.framework in Embed Frameworks */ = {isa = PBXBuildFile; fileRef = 4933481E1D4D2B9F003847CD /* Argo.framework */; settings = {ATTRIBUTES = (CodeSignOnCopy, RemoveHeadersOnCopy, ); }; };
		493348221D4D2F11003847CD /* Runes.framework in Frameworks */ = {isa = PBXBuildFile; fileRef = 493348211D4D2F11003847CD /* Runes.framework */; };
		493348231D4D2F11003847CD /* Runes.framework in Embed Frameworks */ = {isa = PBXBuildFile; fileRef = 493348211D4D2F11003847CD /* Runes.framework */; settings = {ATTRIBUTES = (CodeSignOnCopy, RemoveHeadersOnCopy, ); }; };
		493348251D4D316C003847CD /* Curry.framework in Frameworks */ = {isa = PBXBuildFile; fileRef = 493348241D4D316C003847CD /* Curry.framework */; };
		493348261D4D316C003847CD /* Curry.framework in Embed Frameworks */ = {isa = PBXBuildFile; fileRef = 493348241D4D316C003847CD /* Curry.framework */; settings = {ATTRIBUTES = (CodeSignOnCopy, RemoveHeadersOnCopy, ); }; };
		493348281D4E7CAD003847CD /* PortfoliousRootNavigationController.swift in Sources */ = {isa = PBXBuildFile; fileRef = 493348271D4E7CAD003847CD /* PortfoliousRootNavigationController.swift */; };
		4933482A1D4E828D003847CD /* AgentOverviewViewModel.swift in Sources */ = {isa = PBXBuildFile; fileRef = 493348291D4E828D003847CD /* AgentOverviewViewModel.swift */; };
		4933482F1D4E96E9003847CD /* AgentAlbumsViewModel.swift in Sources */ = {isa = PBXBuildFile; fileRef = 4933482E1D4E96E9003847CD /* AgentAlbumsViewModel.swift */; };
		493348311D4EBFF2003847CD /* AlbumPhotosViewModel.swift in Sources */ = {isa = PBXBuildFile; fileRef = 493348301D4EBFF2003847CD /* AlbumPhotosViewModel.swift */; };
		493348331D4EC768003847CD /* ImageFromServerURL.swift in Sources */ = {isa = PBXBuildFile; fileRef = 493348321D4EC768003847CD /* ImageFromServerURL.swift */; };
		49D495031E1CA61D003240AD /* ReactiveSwift.framework in Frameworks */ = {isa = PBXBuildFile; fileRef = 49D495021E1CA61D003240AD /* ReactiveSwift.framework */; };
		49D495041E1CA61D003240AD /* ReactiveSwift.framework in Embed Frameworks */ = {isa = PBXBuildFile; fileRef = 49D495021E1CA61D003240AD /* ReactiveSwift.framework */; settings = {ATTRIBUTES = (CodeSignOnCopy, RemoveHeadersOnCopy, ); }; };
/* End PBXBuildFile section */

/* Begin PBXContainerItemProxy section */
		493347CA1D4CD042003847CD /* PBXContainerItemProxy */ = {
			isa = PBXContainerItemProxy;
			containerPortal = 493347AD1D4CD042003847CD /* Project object */;
			proxyType = 1;
			remoteGlobalIDString = 493347B41D4CD042003847CD;
			remoteInfo = Portfolious;
		};
		493347D51D4CD042003847CD /* PBXContainerItemProxy */ = {
			isa = PBXContainerItemProxy;
			containerPortal = 493347AD1D4CD042003847CD /* Project object */;
			proxyType = 1;
			remoteGlobalIDString = 493347B41D4CD042003847CD;
			remoteInfo = Portfolious;
		};
/* End PBXContainerItemProxy section */

/* Begin PBXCopyFilesBuildPhase section */
		493347EF1D4CD8C1003847CD /* Embed Frameworks */ = {
			isa = PBXCopyFilesBuildPhase;
			buildActionMask = 2147483647;
			dstPath = "";
			dstSubfolderSpec = 10;
			files = (
				493347EE1D4CD8C1003847CD /* Result.framework in Embed Frameworks */,
				493348261D4D316C003847CD /* Curry.framework in Embed Frameworks */,
				493347EC1D4CD8C1003847CD /* ReactiveJSON.framework in Embed Frameworks */,
				493348231D4D2F11003847CD /* Runes.framework in Embed Frameworks */,
				493348201D4D2B9F003847CD /* Argo.framework in Embed Frameworks */,
				49D495041E1CA61D003240AD /* ReactiveSwift.framework in Embed Frameworks */,
			);
			name = "Embed Frameworks";
			runOnlyForDeploymentPostprocessing = 0;
		};
/* End PBXCopyFilesBuildPhase section */

/* Begin PBXFileReference section */
		493347B51D4CD042003847CD /* Portfolious.app */ = {isa = PBXFileReference; explicitFileType = wrapper.application; includeInIndex = 0; path = Portfolious.app; sourceTree = BUILT_PRODUCTS_DIR; };
		493347B81D4CD042003847CD /* AppDelegate.swift */ = {isa = PBXFileReference; lastKnownFileType = sourcecode.swift; path = AppDelegate.swift; sourceTree = "<group>"; };
		493347BD1D4CD042003847CD /* Base */ = {isa = PBXFileReference; lastKnownFileType = file.storyboard; name = Base; path = Base.lproj/Main.storyboard; sourceTree = "<group>"; };
		493347BF1D4CD042003847CD /* Assets.xcassets */ = {isa = PBXFileReference; lastKnownFileType = folder.assetcatalog; path = Assets.xcassets; sourceTree = "<group>"; };
		493347C21D4CD042003847CD /* Base */ = {isa = PBXFileReference; lastKnownFileType = file.storyboard; name = Base; path = Base.lproj/LaunchScreen.storyboard; sourceTree = "<group>"; };
		493347C41D4CD042003847CD /* Info.plist */ = {isa = PBXFileReference; lastKnownFileType = text.plist.xml; path = Info.plist; sourceTree = "<group>"; };
		493347C91D4CD042003847CD /* PortfoliousTests.xctest */ = {isa = PBXFileReference; explicitFileType = wrapper.cfbundle; includeInIndex = 0; path = PortfoliousTests.xctest; sourceTree = BUILT_PRODUCTS_DIR; };
		493347CD1D4CD042003847CD /* PortfoliousTests.swift */ = {isa = PBXFileReference; lastKnownFileType = sourcecode.swift; path = PortfoliousTests.swift; sourceTree = "<group>"; };
		493347CF1D4CD042003847CD /* Info.plist */ = {isa = PBXFileReference; lastKnownFileType = text.plist.xml; path = Info.plist; sourceTree = "<group>"; };
		493347D41D4CD042003847CD /* PortfoliousUITests.xctest */ = {isa = PBXFileReference; explicitFileType = wrapper.cfbundle; includeInIndex = 0; path = PortfoliousUITests.xctest; sourceTree = BUILT_PRODUCTS_DIR; };
		493347D81D4CD042003847CD /* PortfoliousUITests.swift */ = {isa = PBXFileReference; lastKnownFileType = sourcecode.swift; path = PortfoliousUITests.swift; sourceTree = "<group>"; };
		493347DA1D4CD042003847CD /* Info.plist */ = {isa = PBXFileReference; lastKnownFileType = text.plist.xml; path = Info.plist; sourceTree = "<group>"; };
		493347E71D4CD8C0003847CD /* ReactiveJSON.framework */ = {isa = PBXFileReference; lastKnownFileType = wrapper.framework; name = ReactiveJSON.framework; path = Carthage/Build/iOS/ReactiveJSON.framework; sourceTree = "<group>"; };
		493347E81D4CD8C0003847CD /* Result.framework */ = {isa = PBXFileReference; lastKnownFileType = wrapper.framework; name = Result.framework; path = Carthage/Build/iOS/Result.framework; sourceTree = "<group>"; };
		493347F81D4CDBEC003847CD /* JSONPlaceholderClient.swift */ = {isa = PBXFileReference; fileEncoding = 4; lastKnownFileType = sourcecode.swift; path = JSONPlaceholderClient.swift; sourceTree = "<group>"; };
		493347FA1D4CE124003847CD /* User.swift */ = {isa = PBXFileReference; fileEncoding = 4; lastKnownFileType = sourcecode.swift; path = User.swift; sourceTree = "<group>"; };
		493347FC1D4CE12A003847CD /* Album.swift */ = {isa = PBXFileReference; fileEncoding = 4; lastKnownFileType = sourcecode.swift; path = Album.swift; sourceTree = "<group>"; };
		493347FF1D4CFF31003847CD /* SF-UI-Display-Regular.otf */ = {isa = PBXFileReference; lastKnownFileType = file; path = "SF-UI-Display-Regular.otf"; sourceTree = "<group>"; };
		493348011D4D054B003847CD /* SF-UI-Display-Medium.otf */ = {isa = PBXFileReference; lastKnownFileType = file; path = "SF-UI-Display-Medium.otf"; sourceTree = "<group>"; };
		493348031D4D0555003847CD /* SF-UI-Display-Light.otf */ = {isa = PBXFileReference; lastKnownFileType = file; path = "SF-UI-Display-Light.otf"; sourceTree = "<group>"; };
		493348051D4D0664003847CD /* Theme.swift */ = {isa = PBXFileReference; fileEncoding = 4; lastKnownFileType = sourcecode.swift; path = Theme.swift; sourceTree = "<group>"; };
		493348071D4D0BDF003847CD /* MainStoryboard.swift */ = {isa = PBXFileReference; fileEncoding = 4; lastKnownFileType = sourcecode.swift; path = MainStoryboard.swift; sourceTree = "<group>"; };
		493348091D4D1855003847CD /* AgentListTableViewController.swift */ = {isa = PBXFileReference; fileEncoding = 4; lastKnownFileType = sourcecode.swift; path = AgentListTableViewController.swift; sourceTree = "<group>"; };
		4933480B1D4D1877003847CD /* AgentOverviewViewController.swift */ = {isa = PBXFileReference; fileEncoding = 4; lastKnownFileType = sourcecode.swift; path = AgentOverviewViewController.swift; sourceTree = "<group>"; };
		4933480D1D4D18A6003847CD /* AgentAlbumsTableViewControler.swift */ = {isa = PBXFileReference; fileEncoding = 4; lastKnownFileType = sourcecode.swift; path = AgentAlbumsTableViewControler.swift; sourceTree = "<group>"; };
		4933480F1D4D18BD003847CD /* AgentAlbumCollectionViewController.swift */ = {isa = PBXFileReference; fileEncoding = 4; lastKnownFileType = sourcecode.swift; path = AgentAlbumCollectionViewController.swift; sourceTree = "<group>"; };
		493348111D4D18D9003847CD /* AgentDetailsContainerViewController.swift */ = {isa = PBXFileReference; fileEncoding = 4; lastKnownFileType = sourcecode.swift; path = AgentDetailsContainerViewController.swift; sourceTree = "<group>"; };
		493348131D4D1A8D003847CD /* AgentOverviewTableViewCell.swift */ = {isa = PBXFileReference; fileEncoding = 4; lastKnownFileType = sourcecode.swift; path = AgentOverviewTableViewCell.swift; sourceTree = "<group>"; };
		493348151D4D1A9E003847CD /* AgentAlbumTableViewCell.swift */ = {isa = PBXFileReference; fileEncoding = 4; lastKnownFileType = sourcecode.swift; path = AgentAlbumTableViewCell.swift; sourceTree = "<group>"; };
		493348171D4D1AB7003847CD /* AgentPhotoCollectionViewCell.swift */ = {isa = PBXFileReference; fileEncoding = 4; lastKnownFileType = sourcecode.swift; path = AgentPhotoCollectionViewCell.swift; sourceTree = "<group>"; };
		4933481A1D4D1BA1003847CD /* AgentListTableViewModel.swift */ = {isa = PBXFileReference; fileEncoding = 4; lastKnownFileType = sourcecode.swift; path = AgentListTableViewModel.swift; sourceTree = "<group>"; };
		4933481E1D4D2B9F003847CD /* Argo.framework */ = {isa = PBXFileReference; lastKnownFileType = wrapper.framework; name = Argo.framework; path = Carthage/Build/iOS/Argo.framework; sourceTree = "<group>"; };
		493348211D4D2F11003847CD /* Runes.framework */ = {isa = PBXFileReference; lastKnownFileType = wrapper.framework; name = Runes.framework; path = Carthage/Build/iOS/Runes.framework; sourceTree = "<group>"; };
		493348241D4D316C003847CD /* Curry.framework */ = {isa = PBXFileReference; lastKnownFileType = wrapper.framework; name = Curry.framework; path = Carthage/Build/iOS/Curry.framework; sourceTree = "<group>"; };
		493348271D4E7CAD003847CD /* PortfoliousRootNavigationController.swift */ = {isa = PBXFileReference; fileEncoding = 4; lastKnownFileType = sourcecode.swift; path = PortfoliousRootNavigationController.swift; sourceTree = "<group>"; };
		493348291D4E828D003847CD /* AgentOverviewViewModel.swift */ = {isa = PBXFileReference; fileEncoding = 4; lastKnownFileType = sourcecode.swift; path = AgentOverviewViewModel.swift; sourceTree = "<group>"; };
		4933482E1D4E96E9003847CD /* AgentAlbumsViewModel.swift */ = {isa = PBXFileReference; fileEncoding = 4; lastKnownFileType = sourcecode.swift; path = AgentAlbumsViewModel.swift; sourceTree = "<group>"; };
		493348301D4EBFF2003847CD /* AlbumPhotosViewModel.swift */ = {isa = PBXFileReference; fileEncoding = 4; lastKnownFileType = sourcecode.swift; path = AlbumPhotosViewModel.swift; sourceTree = "<group>"; };
		493348321D4EC768003847CD /* ImageFromServerURL.swift */ = {isa = PBXFileReference; fileEncoding = 4; lastKnownFileType = sourcecode.swift; path = ImageFromServerURL.swift; sourceTree = "<group>"; };
		49D495021E1CA61D003240AD /* ReactiveSwift.framework */ = {isa = PBXFileReference; lastKnownFileType = wrapper.framework; name = ReactiveSwift.framework; path = Carthage/Build/iOS/ReactiveSwift.framework; sourceTree = "<group>"; };
/* End PBXFileReference section */

/* Begin PBXFrameworksBuildPhase section */
		493347B21D4CD042003847CD /* Frameworks */ = {
			isa = PBXFrameworksBuildPhase;
			buildActionMask = 2147483647;
			files = (
				493347ED1D4CD8C1003847CD /* Result.framework in Frameworks */,
				493348251D4D316C003847CD /* Curry.framework in Frameworks */,
				493347EB1D4CD8C1003847CD /* ReactiveJSON.framework in Frameworks */,
				493348221D4D2F11003847CD /* Runes.framework in Frameworks */,
				4933481F1D4D2B9F003847CD /* Argo.framework in Frameworks */,
				49D495031E1CA61D003240AD /* ReactiveSwift.framework in Frameworks */,
			);
			runOnlyForDeploymentPostprocessing = 0;
		};
		493347C61D4CD042003847CD /* Frameworks */ = {
			isa = PBXFrameworksBuildPhase;
			buildActionMask = 2147483647;
			files = (
			);
			runOnlyForDeploymentPostprocessing = 0;
		};
		493347D11D4CD042003847CD /* Frameworks */ = {
			isa = PBXFrameworksBuildPhase;
			buildActionMask = 2147483647;
			files = (
			);
			runOnlyForDeploymentPostprocessing = 0;
		};
/* End PBXFrameworksBuildPhase section */

/* Begin PBXGroup section */
		493347AC1D4CD042003847CD = {
			isa = PBXGroup;
			children = (
				493347F01D4CD8D3003847CD /* Frameworks */,
				493347B71D4CD042003847CD /* Portfolious */,
				493347CC1D4CD042003847CD /* PortfoliousTests */,
				493347D71D4CD042003847CD /* PortfoliousUITests */,
				493347B61D4CD042003847CD /* Products */,
			);
			sourceTree = "<group>";
		};
		493347B61D4CD042003847CD /* Products */ = {
			isa = PBXGroup;
			children = (
				493347B51D4CD042003847CD /* Portfolious.app */,
				493347C91D4CD042003847CD /* PortfoliousTests.xctest */,
				493347D41D4CD042003847CD /* PortfoliousUITests.xctest */,
			);
			name = Products;
			sourceTree = "<group>";
		};
		493347B71D4CD042003847CD /* Portfolious */ = {
			isa = PBXGroup;
			children = (
				4933482B1D4E9675003847CD /* Extension */,
				493347F61D4CDB4F003847CD /* Views */,
				493347F41D4CDB38003847CD /* ViewModels */,
				493347F31D4CDB2E003847CD /* Models */,
				493347F21D4CDB24003847CD /* API */,
				493347B81D4CD042003847CD /* AppDelegate.swift */,
				493347FE1D4CFEA1003847CD /* Fonts */,
				493347BF1D4CD042003847CD /* Assets.xcassets */,
				493347C11D4CD042003847CD /* LaunchScreen.storyboard */,
				493347C41D4CD042003847CD /* Info.plist */,
			);
			path = Portfolious;
			sourceTree = "<group>";
		};
		493347CC1D4CD042003847CD /* PortfoliousTests */ = {
			isa = PBXGroup;
			children = (
				493347CD1D4CD042003847CD /* PortfoliousTests.swift */,
				493347CF1D4CD042003847CD /* Info.plist */,
			);
			path = PortfoliousTests;
			sourceTree = "<group>";
		};
		493347D71D4CD042003847CD /* PortfoliousUITests */ = {
			isa = PBXGroup;
			children = (
				493347D81D4CD042003847CD /* PortfoliousUITests.swift */,
				493347DA1D4CD042003847CD /* Info.plist */,
			);
			path = PortfoliousUITests;
			sourceTree = "<group>";
		};
		493347F01D4CD8D3003847CD /* Frameworks */ = {
			isa = PBXGroup;
			children = (
				49D495021E1CA61D003240AD /* ReactiveSwift.framework */,
				493348211D4D2F11003847CD /* Runes.framework */,
				493348241D4D316C003847CD /* Curry.framework */,
				4933481E1D4D2B9F003847CD /* Argo.framework */,
				493347E71D4CD8C0003847CD /* ReactiveJSON.framework */,
				493347E81D4CD8C0003847CD /* Result.framework */,
			);
			name = Frameworks;
			sourceTree = "<group>";
		};
		493347F21D4CDB24003847CD /* API */ = {
			isa = PBXGroup;
			children = (
				493347F81D4CDBEC003847CD /* JSONPlaceholderClient.swift */,
			);
			name = API;
			sourceTree = "<group>";
		};
		493347F31D4CDB2E003847CD /* Models */ = {
			isa = PBXGroup;
			children = (
				493347FA1D4CE124003847CD /* User.swift */,
				493347FC1D4CE12A003847CD /* Album.swift */,
			);
			name = Models;
			sourceTree = "<group>";
		};
		493347F41D4CDB38003847CD /* ViewModels */ = {
			isa = PBXGroup;
			children = (
				4933481A1D4D1BA1003847CD /* AgentListTableViewModel.swift */,
				493348291D4E828D003847CD /* AgentOverviewViewModel.swift */,
				4933482E1D4E96E9003847CD /* AgentAlbumsViewModel.swift */,
				493348301D4EBFF2003847CD /* AlbumPhotosViewModel.swift */,
			);
			name = ViewModels;
			sourceTree = "<group>";
		};
		493347F51D4CDB41003847CD /* ViewControllers */ = {
			isa = PBXGroup;
			children = (
				493348271D4E7CAD003847CD /* PortfoliousRootNavigationController.swift */,
				493348091D4D1855003847CD /* AgentListTableViewController.swift */,
				4933480B1D4D1877003847CD /* AgentOverviewViewController.swift */,
				4933480D1D4D18A6003847CD /* AgentAlbumsTableViewControler.swift */,
				4933480F1D4D18BD003847CD /* AgentAlbumCollectionViewController.swift */,
				493348111D4D18D9003847CD /* AgentDetailsContainerViewController.swift */,
			);
			name = ViewControllers;
			sourceTree = "<group>";
		};
		493347F61D4CDB4F003847CD /* Views */ = {
			isa = PBXGroup;
			children = (
				493348051D4D0664003847CD /* Theme.swift */,
				493347F71D4CDB56003847CD /* Storyboard */,
				493347F51D4CDB41003847CD /* ViewControllers */,
				493348191D4D1ACF003847CD /* Cells */,
			);
			name = Views;
			sourceTree = "<group>";
		};
		493347F71D4CDB56003847CD /* Storyboard */ = {
			isa = PBXGroup;
			children = (
				493347BC1D4CD042003847CD /* Main.storyboard */,
				493348071D4D0BDF003847CD /* MainStoryboard.swift */,
			);
			name = Storyboard;
			sourceTree = "<group>";
		};
		493347FE1D4CFEA1003847CD /* Fonts */ = {
			isa = PBXGroup;
			children = (
				493348011D4D054B003847CD /* SF-UI-Display-Medium.otf */,
				493347FF1D4CFF31003847CD /* SF-UI-Display-Regular.otf */,
				493348031D4D0555003847CD /* SF-UI-Display-Light.otf */,
			);
			name = Fonts;
			sourceTree = "<group>";
		};
		493348191D4D1ACF003847CD /* Cells */ = {
			isa = PBXGroup;
			children = (
				493348131D4D1A8D003847CD /* AgentOverviewTableViewCell.swift */,
				493348151D4D1A9E003847CD /* AgentAlbumTableViewCell.swift */,
				493348171D4D1AB7003847CD /* AgentPhotoCollectionViewCell.swift */,
			);
			name = Cells;
			sourceTree = "<group>";
		};
		4933482B1D4E9675003847CD /* Extension */ = {
			isa = PBXGroup;
			children = (
				493348321D4EC768003847CD /* ImageFromServerURL.swift */,
			);
			name = Extension;
			sourceTree = "<group>";
		};
/* End PBXGroup section */

/* Begin PBXNativeTarget section */
		493347B41D4CD042003847CD /* Portfolious */ = {
			isa = PBXNativeTarget;
			buildConfigurationList = 493347DD1D4CD042003847CD /* Build configuration list for PBXNativeTarget "Portfolious" */;
			buildPhases = (
				493347B11D4CD042003847CD /* Sources */,
				493347B21D4CD042003847CD /* Frameworks */,
				493347B31D4CD042003847CD /* Resources */,
				493347EF1D4CD8C1003847CD /* Embed Frameworks */,
				493347F11D4CD959003847CD /* ShellScript */,
			);
			buildRules = (
			);
			dependencies = (
			);
			name = Portfolious;
			productName = Portfolious;
			productReference = 493347B51D4CD042003847CD /* Portfolious.app */;
			productType = "com.apple.product-type.application";
		};
		493347C81D4CD042003847CD /* PortfoliousTests */ = {
			isa = PBXNativeTarget;
			buildConfigurationList = 493347E01D4CD042003847CD /* Build configuration list for PBXNativeTarget "PortfoliousTests" */;
			buildPhases = (
				493347C51D4CD042003847CD /* Sources */,
				493347C61D4CD042003847CD /* Frameworks */,
				493347C71D4CD042003847CD /* Resources */,
			);
			buildRules = (
			);
			dependencies = (
				493347CB1D4CD042003847CD /* PBXTargetDependency */,
			);
			name = PortfoliousTests;
			productName = PortfoliousTests;
			productReference = 493347C91D4CD042003847CD /* PortfoliousTests.xctest */;
			productType = "com.apple.product-type.bundle.unit-test";
		};
		493347D31D4CD042003847CD /* PortfoliousUITests */ = {
			isa = PBXNativeTarget;
			buildConfigurationList = 493347E31D4CD042003847CD /* Build configuration list for PBXNativeTarget "PortfoliousUITests" */;
			buildPhases = (
				493347D01D4CD042003847CD /* Sources */,
				493347D11D4CD042003847CD /* Frameworks */,
				493347D21D4CD042003847CD /* Resources */,
			);
			buildRules = (
			);
			dependencies = (
				493347D61D4CD042003847CD /* PBXTargetDependency */,
			);
			name = PortfoliousUITests;
			productName = PortfoliousUITests;
			productReference = 493347D41D4CD042003847CD /* PortfoliousUITests.xctest */;
			productType = "com.apple.product-type.bundle.ui-testing";
		};
/* End PBXNativeTarget section */

/* Begin PBXProject section */
		493347AD1D4CD042003847CD /* Project object */ = {
			isa = PBXProject;
			attributes = {
				LastSwiftUpdateCheck = 0730;
				LastUpgradeCheck = 0810;
				ORGANIZATIONNAME = "Andrew Sowers";
				TargetAttributes = {
					493347B41D4CD042003847CD = {
						CreatedOnToolsVersion = 7.3.1;
						DevelopmentTeam = 2DP9335PZJ;
						LastSwiftMigration = 0820;
					};
					493347C81D4CD042003847CD = {
						CreatedOnToolsVersion = 7.3.1;
						LastSwiftMigration = 0820;
						TestTargetID = 493347B41D4CD042003847CD;
					};
					493347D31D4CD042003847CD = {
						CreatedOnToolsVersion = 7.3.1;
						LastSwiftMigration = 0820;
						TestTargetID = 493347B41D4CD042003847CD;
					};
				};
			};
			buildConfigurationList = 493347B01D4CD042003847CD /* Build configuration list for PBXProject "Portfolious" */;
			compatibilityVersion = "Xcode 3.2";
			developmentRegion = English;
			hasScannedForEncodings = 0;
			knownRegions = (
				en,
				Base,
			);
			mainGroup = 493347AC1D4CD042003847CD;
			productRefGroup = 493347B61D4CD042003847CD /* Products */;
			projectDirPath = "";
			projectRoot = "";
			targets = (
				493347B41D4CD042003847CD /* Portfolious */,
				493347C81D4CD042003847CD /* PortfoliousTests */,
				493347D31D4CD042003847CD /* PortfoliousUITests */,
			);
		};
/* End PBXProject section */

/* Begin PBXResourcesBuildPhase section */
		493347B31D4CD042003847CD /* Resources */ = {
			isa = PBXResourcesBuildPhase;
			buildActionMask = 2147483647;
			files = (
				493347C31D4CD042003847CD /* LaunchScreen.storyboard in Resources */,
				493347C01D4CD042003847CD /* Assets.xcassets in Resources */,
				493348041D4D0555003847CD /* SF-UI-Display-Light.otf in Resources */,
				493348021D4D054B003847CD /* SF-UI-Display-Medium.otf in Resources */,
				493348001D4CFF31003847CD /* SF-UI-Display-Regular.otf in Resources */,
				493347BE1D4CD042003847CD /* Main.storyboard in Resources */,
			);
			runOnlyForDeploymentPostprocessing = 0;
		};
		493347C71D4CD042003847CD /* Resources */ = {
			isa = PBXResourcesBuildPhase;
			buildActionMask = 2147483647;
			files = (
			);
			runOnlyForDeploymentPostprocessing = 0;
		};
		493347D21D4CD042003847CD /* Resources */ = {
			isa = PBXResourcesBuildPhase;
			buildActionMask = 2147483647;
			files = (
			);
			runOnlyForDeploymentPostprocessing = 0;
		};
/* End PBXResourcesBuildPhase section */

/* Begin PBXShellScriptBuildPhase section */
		493347F11D4CD959003847CD /* ShellScript */ = {
			isa = PBXShellScriptBuildPhase;
			buildActionMask = 2147483647;
			files = (
			);
			inputPaths = (
				"$(SRCROOT)/Carthage/Build/iOS/ReactiveSwift.framework",
				"$(SRCROOT)/Carthage/Build/iOS/ReactiveJSON.framework",
				"$(SRCROOT)/Carthage/Build/iOS/Result.framework",
				"$(SRCROOT)/Carthage/Build/iOS/Argo.framework",
				"$(SRCROOT)/Carthage/Build/iOS/Runes.framework",
				"$(SRCROOT)/Carthage/Build/iOS/Curry.framework",
			);
			outputPaths = (
			);
			runOnlyForDeploymentPostprocessing = 0;
			shellPath = /bin/sh;
			shellScript = "/usr/local/bin/carthage copy-frameworks";
		};
/* End PBXShellScriptBuildPhase section */

/* Begin PBXSourcesBuildPhase section */
		493347B11D4CD042003847CD /* Sources */ = {
			isa = PBXSourcesBuildPhase;
			buildActionMask = 2147483647;
			files = (
				4933482A1D4E828D003847CD /* AgentOverviewViewModel.swift in Sources */,
				493348161D4D1A9E003847CD /* AgentAlbumTableViewCell.swift in Sources */,
				493347FB1D4CE124003847CD /* User.swift in Sources */,
				493348281D4E7CAD003847CD /* PortfoliousRootNavigationController.swift in Sources */,
				493347B91D4CD042003847CD /* AppDelegate.swift in Sources */,
				493348181D4D1AB7003847CD /* AgentPhotoCollectionViewCell.swift in Sources */,
				493348121D4D18D9003847CD /* AgentDetailsContainerViewController.swift in Sources */,
				493348061D4D0664003847CD /* Theme.swift in Sources */,
				493348141D4D1A8D003847CD /* AgentOverviewTableViewCell.swift in Sources */,
				4933480E1D4D18A6003847CD /* AgentAlbumsTableViewControler.swift in Sources */,
				493348081D4D0BDF003847CD /* MainStoryboard.swift in Sources */,
				493347F91D4CDBEC003847CD /* JSONPlaceholderClient.swift in Sources */,
				4933481B1D4D1BA1003847CD /* AgentListTableViewModel.swift in Sources */,
				493348101D4D18BD003847CD /* AgentAlbumCollectionViewController.swift in Sources */,
				493348311D4EBFF2003847CD /* AlbumPhotosViewModel.swift in Sources */,
				4933480C1D4D1877003847CD /* AgentOverviewViewController.swift in Sources */,
				493348331D4EC768003847CD /* ImageFromServerURL.swift in Sources */,
				4933480A1D4D1855003847CD /* AgentListTableViewController.swift in Sources */,
				4933482F1D4E96E9003847CD /* AgentAlbumsViewModel.swift in Sources */,
				493347FD1D4CE12A003847CD /* Album.swift in Sources */,
			);
			runOnlyForDeploymentPostprocessing = 0;
		};
		493347C51D4CD042003847CD /* Sources */ = {
			isa = PBXSourcesBuildPhase;
			buildActionMask = 2147483647;
			files = (
				493347CE1D4CD042003847CD /* PortfoliousTests.swift in Sources */,
			);
			runOnlyForDeploymentPostprocessing = 0;
		};
		493347D01D4CD042003847CD /* Sources */ = {
			isa = PBXSourcesBuildPhase;
			buildActionMask = 2147483647;
			files = (
				493347D91D4CD042003847CD /* PortfoliousUITests.swift in Sources */,
			);
			runOnlyForDeploymentPostprocessing = 0;
		};
/* End PBXSourcesBuildPhase section */

/* Begin PBXTargetDependency section */
		493347CB1D4CD042003847CD /* PBXTargetDependency */ = {
			isa = PBXTargetDependency;
			target = 493347B41D4CD042003847CD /* Portfolious */;
			targetProxy = 493347CA1D4CD042003847CD /* PBXContainerItemProxy */;
		};
		493347D61D4CD042003847CD /* PBXTargetDependency */ = {
			isa = PBXTargetDependency;
			target = 493347B41D4CD042003847CD /* Portfolious */;
			targetProxy = 493347D51D4CD042003847CD /* PBXContainerItemProxy */;
		};
/* End PBXTargetDependency section */

/* Begin PBXVariantGroup section */
		493347BC1D4CD042003847CD /* Main.storyboard */ = {
			isa = PBXVariantGroup;
			children = (
				493347BD1D4CD042003847CD /* Base */,
			);
			name = Main.storyboard;
			sourceTree = "<group>";
		};
		493347C11D4CD042003847CD /* LaunchScreen.storyboard */ = {
			isa = PBXVariantGroup;
			children = (
				493347C21D4CD042003847CD /* Base */,
			);
			name = LaunchScreen.storyboard;
			sourceTree = "<group>";
		};
/* End PBXVariantGroup section */

/* Begin XCBuildConfiguration section */
		493347DB1D4CD042003847CD /* Debug */ = {
			isa = XCBuildConfiguration;
			buildSettings = {
				ALWAYS_SEARCH_USER_PATHS = NO;
				CLANG_ANALYZER_NONNULL = YES;
				CLANG_CXX_LANGUAGE_STANDARD = "gnu++0x";
				CLANG_CXX_LIBRARY = "libc++";
				CLANG_ENABLE_MODULES = YES;
				CLANG_ENABLE_OBJC_ARC = YES;
				CLANG_WARN_BOOL_CONVERSION = YES;
				CLANG_WARN_CONSTANT_CONVERSION = YES;
				CLANG_WARN_DIRECT_OBJC_ISA_USAGE = YES_ERROR;
				CLANG_WARN_EMPTY_BODY = YES;
				CLANG_WARN_ENUM_CONVERSION = YES;
				CLANG_WARN_INFINITE_RECURSION = YES;
				CLANG_WARN_INT_CONVERSION = YES;
				CLANG_WARN_OBJC_ROOT_CLASS = YES_ERROR;
				CLANG_WARN_SUSPICIOUS_MOVE = YES;
				CLANG_WARN_UNREACHABLE_CODE = YES;
				CLANG_WARN__DUPLICATE_METHOD_MATCH = YES;
				"CODE_SIGN_IDENTITY[sdk=iphoneos*]" = "iPhone Developer";
				COPY_PHASE_STRIP = NO;
				DEBUG_INFORMATION_FORMAT = dwarf;
				ENABLE_STRICT_OBJC_MSGSEND = YES;
				ENABLE_TESTABILITY = YES;
				GCC_C_LANGUAGE_STANDARD = gnu99;
				GCC_DYNAMIC_NO_PIC = NO;
				GCC_NO_COMMON_BLOCKS = YES;
				GCC_OPTIMIZATION_LEVEL = 0;
				GCC_PREPROCESSOR_DEFINITIONS = (
					"DEBUG=1",
					"$(inherited)",
				);
				GCC_WARN_64_TO_32_BIT_CONVERSION = YES;
				GCC_WARN_ABOUT_RETURN_TYPE = YES_ERROR;
				GCC_WARN_UNDECLARED_SELECTOR = YES;
				GCC_WARN_UNINITIALIZED_AUTOS = YES_AGGRESSIVE;
				GCC_WARN_UNUSED_FUNCTION = YES;
				GCC_WARN_UNUSED_VARIABLE = YES;
				IPHONEOS_DEPLOYMENT_TARGET = 9.3;
				MTL_ENABLE_DEBUG_INFO = YES;
				ONLY_ACTIVE_ARCH = YES;
				SDKROOT = iphoneos;
				SWIFT_OPTIMIZATION_LEVEL = "-Onone";
				SWIFT_VERSION = 3.0;
				TARGETED_DEVICE_FAMILY = "1,2";
			};
			name = Debug;
		};
		493347DC1D4CD042003847CD /* Release */ = {
			isa = XCBuildConfiguration;
			buildSettings = {
				ALWAYS_SEARCH_USER_PATHS = NO;
				CLANG_ANALYZER_NONNULL = YES;
				CLANG_CXX_LANGUAGE_STANDARD = "gnu++0x";
				CLANG_CXX_LIBRARY = "libc++";
				CLANG_ENABLE_MODULES = YES;
				CLANG_ENABLE_OBJC_ARC = YES;
				CLANG_WARN_BOOL_CONVERSION = YES;
				CLANG_WARN_CONSTANT_CONVERSION = YES;
				CLANG_WARN_DIRECT_OBJC_ISA_USAGE = YES_ERROR;
				CLANG_WARN_EMPTY_BODY = YES;
				CLANG_WARN_ENUM_CONVERSION = YES;
				CLANG_WARN_INFINITE_RECURSION = YES;
				CLANG_WARN_INT_CONVERSION = YES;
				CLANG_WARN_OBJC_ROOT_CLASS = YES_ERROR;
				CLANG_WARN_SUSPICIOUS_MOVE = YES;
				CLANG_WARN_UNREACHABLE_CODE = YES;
				CLANG_WARN__DUPLICATE_METHOD_MATCH = YES;
				"CODE_SIGN_IDENTITY[sdk=iphoneos*]" = "iPhone Developer";
				COPY_PHASE_STRIP = NO;
				DEBUG_INFORMATION_FORMAT = "dwarf-with-dsym";
				ENABLE_NS_ASSERTIONS = NO;
				ENABLE_STRICT_OBJC_MSGSEND = YES;
				GCC_C_LANGUAGE_STANDARD = gnu99;
				GCC_NO_COMMON_BLOCKS = YES;
				GCC_WARN_64_TO_32_BIT_CONVERSION = YES;
				GCC_WARN_ABOUT_RETURN_TYPE = YES_ERROR;
				GCC_WARN_UNDECLARED_SELECTOR = YES;
				GCC_WARN_UNINITIALIZED_AUTOS = YES_AGGRESSIVE;
				GCC_WARN_UNUSED_FUNCTION = YES;
				GCC_WARN_UNUSED_VARIABLE = YES;
				IPHONEOS_DEPLOYMENT_TARGET = 9.3;
				MTL_ENABLE_DEBUG_INFO = NO;
				SDKROOT = iphoneos;
				SWIFT_OPTIMIZATION_LEVEL = "-Owholemodule";
				SWIFT_VERSION = 3.0;
				TARGETED_DEVICE_FAMILY = "1,2";
				VALIDATE_PRODUCT = YES;
			};
			name = Release;
		};
		493347DE1D4CD042003847CD /* Debug */ = {
			isa = XCBuildConfiguration;
			buildSettings = {
				ASSETCATALOG_COMPILER_APPICON_NAME = AppIcon;
				DEVELOPMENT_TEAM = 2DP9335PZJ;
				FRAMEWORK_SEARCH_PATHS = (
					"$(inherited)",
					"$(PROJECT_DIR)/Carthage/Build/iOS",
				);
				INFOPLIST_FILE = Portfolious/Info.plist;
				LD_RUNPATH_SEARCH_PATHS = "$(inherited) @executable_path/Frameworks";
				PRODUCT_BUNDLE_IDENTIFIER = com.andrew.Portfolious;
				PRODUCT_NAME = "$(TARGET_NAME)";
				SWIFT_VERSION = 3.0;
			};
			name = Debug;
		};
		493347DF1D4CD042003847CD /* Release */ = {
			isa = XCBuildConfiguration;
			buildSettings = {
				ASSETCATALOG_COMPILER_APPICON_NAME = AppIcon;
				DEVELOPMENT_TEAM = 2DP9335PZJ;
				FRAMEWORK_SEARCH_PATHS = (
					"$(inherited)",
					"$(PROJECT_DIR)/Carthage/Build/iOS",
				);
				INFOPLIST_FILE = Portfolious/Info.plist;
				LD_RUNPATH_SEARCH_PATHS = "$(inherited) @executable_path/Frameworks";
				PRODUCT_BUNDLE_IDENTIFIER = com.andrew.Portfolious;
				PRODUCT_NAME = "$(TARGET_NAME)";
				SWIFT_VERSION = 3.0;
			};
			name = Release;
		};
		493347E11D4CD042003847CD /* Debug */ = {
			isa = XCBuildConfiguration;
			buildSettings = {
				BUNDLE_LOADER = "$(TEST_HOST)";
				INFOPLIST_FILE = PortfoliousTests/Info.plist;
				LD_RUNPATH_SEARCH_PATHS = "$(inherited) @executable_path/Frameworks @loader_path/Frameworks";
				PRODUCT_BUNDLE_IDENTIFIER = com.andrew.PortfoliousTests;
				PRODUCT_NAME = "$(TARGET_NAME)";
				SWIFT_VERSION = 3.0;
				TEST_HOST = "$(BUILT_PRODUCTS_DIR)/Portfolious.app/Portfolious";
			};
			name = Debug;
		};
		493347E21D4CD042003847CD /* Release */ = {
			isa = XCBuildConfiguration;
			buildSettings = {
				BUNDLE_LOADER = "$(TEST_HOST)";
				INFOPLIST_FILE = PortfoliousTests/Info.plist;
				LD_RUNPATH_SEARCH_PATHS = "$(inherited) @executable_path/Frameworks @loader_path/Frameworks";
				PRODUCT_BUNDLE_IDENTIFIER = com.andrew.PortfoliousTests;
				PRODUCT_NAME = "$(TARGET_NAME)";
				SWIFT_VERSION = 3.0;
				TEST_HOST = "$(BUILT_PRODUCTS_DIR)/Portfolious.app/Portfolious";
			};
			name = Release;
		};
		493347E41D4CD042003847CD /* Debug */ = {
			isa = XCBuildConfiguration;
			buildSettings = {
				INFOPLIST_FILE = PortfoliousUITests/Info.plist;
				LD_RUNPATH_SEARCH_PATHS = "$(inherited) @executable_path/Frameworks @loader_path/Frameworks";
				PRODUCT_BUNDLE_IDENTIFIER = com.andrew.PortfoliousUITests;
				PRODUCT_NAME = "$(TARGET_NAME)";
				SWIFT_VERSION = 3.0;
				TEST_TARGET_NAME = Portfolious;
			};
			name = Debug;
		};
		493347E51D4CD042003847CD /* Release */ = {
			isa = XCBuildConfiguration;
			buildSettings = {
				INFOPLIST_FILE = PortfoliousUITests/Info.plist;
				LD_RUNPATH_SEARCH_PATHS = "$(inherited) @executable_path/Frameworks @loader_path/Frameworks";
				PRODUCT_BUNDLE_IDENTIFIER = com.andrew.PortfoliousUITests;
				PRODUCT_NAME = "$(TARGET_NAME)";
				SWIFT_VERSION = 3.0;
				TEST_TARGET_NAME = Portfolious;
			};
			name = Release;
		};
/* End XCBuildConfiguration section */

/* Begin XCConfigurationList section */
		493347B01D4CD042003847CD /* Build configuration list for PBXProject "Portfolious" */ = {
			isa = XCConfigurationList;
			buildConfigurations = (
				493347DB1D4CD042003847CD /* Debug */,
				493347DC1D4CD042003847CD /* Release */,
			);
			defaultConfigurationIsVisible = 0;
			defaultConfigurationName = Release;
		};
		493347DD1D4CD042003847CD /* Build configuration list for PBXNativeTarget "Portfolious" */ = {
			isa = XCConfigurationList;
			buildConfigurations = (
				493347DE1D4CD042003847CD /* Debug */,
				493347DF1D4CD042003847CD /* Release */,
			);
			defaultConfigurationIsVisible = 0;
			defaultConfigurationName = Release;
		};
		493347E01D4CD042003847CD /* Build configuration list for PBXNativeTarget "PortfoliousTests" */ = {
			isa = XCConfigurationList;
			buildConfigurations = (
				493347E11D4CD042003847CD /* Debug */,
				493347E21D4CD042003847CD /* Release */,
			);
			defaultConfigurationIsVisible = 0;
			defaultConfigurationName = Release;
		};
		493347E31D4CD042003847CD /* Build configuration list for PBXNativeTarget "PortfoliousUITests" */ = {
			isa = XCConfigurationList;
			buildConfigurations = (
				493347E41D4CD042003847CD /* Debug */,
				493347E51D4CD042003847CD /* Release */,
			);
			defaultConfigurationIsVisible = 0;
			defaultConfigurationName = Release;
		};
/* End XCConfigurationList section */
	};
	rootObject = 493347AD1D4CD042003847CD /* Project object */;
}
